
Microsoft Visual Studio Solution File, Format Version 12.00
# Visual Studio Version 16
VisualStudioVersion = 16.0.29424.173
MinimumVisualStudioVersion = 10.0.40219.1
Project("{9A19103F-16F7-4668-BE54-9A1E7A4F7556}") = "Git Diff Checker", "Git Diff Checker\Git Diff Checker.csproj", "{723BFF4F-AE17-4B66-A1B7-1474584CE550}"
EndProject
Project("{FAE04EC0-301F-11D3-BF4B-00C04F79EFBC}") = "Git Diff Checker Test", "Git Diff Checker Test\Git Diff Checker Test.csproj", "{33527278-6D8B-4254-9A69-44915822617F}"
EndProject
Global
	GlobalSection(SolutionConfigurationPlatforms) = preSolution
		Debug|Any CPU = Debug|Any CPU
		Release|Any CPU = Release|Any CPU
	EndGlobalSection
	GlobalSection(ProjectConfigurationPlatforms) = postSolution
		{723BFF4F-AE17-4B66-A1B7-1474584CE550}.Debug|Any CPU.ActiveCfg = Debug|Any CPU
		{723BFF4F-AE17-4B66-A1B7-1474584CE550}.Debug|Any CPU.Build.0 = Debug|Any CPU
		{723BFF4F-AE17-4B66-A1B7-1474584CE550}.Release|Any CPU.ActiveCfg = Release|Any CPU
		{723BFF4F-AE17-4B66-A1B7-1474584CE550}.Release|Any CPU.Build.0 = Release|Any CPU
		{33527278-6D8B-4254-9A69-44915822617F}.Debug|Any CPU.ActiveCfg = Debug|Any CPU
		{33527278-6D8B-4254-9A69-44915822617F}.Debug|Any CPU.Build.0 = Debug|Any CPU
		{33527278-6D8B-4254-9A69-44915822617F}.Release|Any CPU.ActiveCfg = Release|Any CPU
		{33527278-6D8B-4254-9A69-44915822617F}.Release|Any CPU.Build.0 = Release|Any CPU
	EndGlobalSection
	GlobalSection(SolutionProperties) = preSolution
		HideSolutionNode = FALSE
	EndGlobalSection
	GlobalSection(ExtensibilityGlobals) = postSolution
		SolutionGuid = {E950E640-5CEB-40A0-86AC-CC5443233AA9}
	EndGlobalSection
EndGlobal
